
Microsoft Visual Studio Solution File, Format Version 12.00
# Visual Studio Version 17
VisualStudioVersion = 17.6.33723.286
MinimumVisualStudioVersion = 10.0.40219.1
Project("{888888A0-9F3D-457C-B088-3A5042F75D52}") = "ikbrTradingBot", "ikbrTradingBot.pyproj", "{DBCAEB27-AB07-4FC4-99F4-829F994BCFB4}"
EndProject
Global
	GlobalSection(SolutionConfigurationPlatforms) = preSolution
		Debug|Any CPU = Debug|Any CPU
		Release|Any CPU = Release|Any CPU
	EndGlobalSection
	GlobalSection(ProjectConfigurationPlatforms) = postSolution
		{DBCAEB27-AB07-4FC4-99F4-829F994BCFB4}.Debug|Any CPU.ActiveCfg = Debug|Any CPU
		{DBCAEB27-AB07-4FC4-99F4-829F994BCFB4}.Release|Any CPU.ActiveCfg = Release|Any CPU
	EndGlobalSection
	GlobalSection(SolutionProperties) = preSolution
		HideSolutionNode = FALSE
	EndGlobalSection
	GlobalSection(ExtensibilityGlobals) = postSolution
		SolutionGuid = {E0BF8C84-E1CB-4554-A85E-E004C4798768}
	EndGlobalSection
EndGlobal
